
Microsoft Visual Studio Solution File, Format Version 12.00
# Visual Studio Version 17
VisualStudioVersion = 17.9.34728.123
MinimumVisualStudioVersion = 10.0.40219.1
Project("{FAE04EC0-301F-11D3-BF4B-00C04F79EFBC}") = "Tethering Reverse Easy Start Progam", "Tethering Reverse Easy Start Progam.csproj", "{9F1BC776-92D3-459F-B1EF-3E8B16C10DAF}"
EndProject
Global
	GlobalSection(SolutionConfigurationPlatforms) = preSolution
		Debug|Any CPU = Debug|Any CPU
		Release|Any CPU = Release|Any CPU
	EndGlobalSection
	GlobalSection(ProjectConfigurationPlatforms) = postSolution
		{9F1BC776-92D3-459F-B1EF-3E8B16C10DAF}.Debug|Any CPU.ActiveCfg = Debug|Any CPU
		{9F1BC776-92D3-459F-B1EF-3E8B16C10DAF}.Debug|Any CPU.Build.0 = Debug|Any CPU
		{9F1BC776-92D3-459F-B1EF-3E8B16C10DAF}.Release|Any CPU.ActiveCfg = Release|Any CPU
		{9F1BC776-92D3-459F-B1EF-3E8B16C10DAF}.Release|Any CPU.Build.0 = Release|Any CPU
	EndGlobalSection
	GlobalSection(SolutionProperties) = preSolution
		HideSolutionNode = FALSE
	EndGlobalSection
	GlobalSection(ExtensibilityGlobals) = postSolution
		SolutionGuid = {235DB07A-45AB-4557-B4CB-5CAE7A5D59FD}
	EndGlobalSection
EndGlobal
